
Microsoft Visual Studio Solution File, Format Version 12.00
# Visual Studio Version 16
VisualStudioVersion = 16.0.30114.105
MinimumVisualStudioVersion = 10.0.40219.1
Project("{FAE04EC0-301F-11D3-BF4B-00C04F79EFBC}") = "WeightliftingTeam1", "WeightliftingTeam1\WeightliftingTeam1.csproj", "{07754B2C-CC9D-4F66-9371-5911151D10C3}"
EndProject
Global
	GlobalSection(SolutionConfigurationPlatforms) = preSolution
		Debug|Any CPU = Debug|Any CPU
		Release|Any CPU = Release|Any CPU
	EndGlobalSection
	GlobalSection(ProjectConfigurationPlatforms) = postSolution
		{07754B2C-CC9D-4F66-9371-5911151D10C3}.Debug|Any CPU.ActiveCfg = Debug|Any CPU
		{07754B2C-CC9D-4F66-9371-5911151D10C3}.Debug|Any CPU.Build.0 = Debug|Any CPU
		{07754B2C-CC9D-4F66-9371-5911151D10C3}.Release|Any CPU.ActiveCfg = Release|Any CPU
		{07754B2C-CC9D-4F66-9371-5911151D10C3}.Release|Any CPU.Build.0 = Release|Any CPU
	EndGlobalSection
	GlobalSection(SolutionProperties) = preSolution
		HideSolutionNode = FALSE
	EndGlobalSection
	GlobalSection(ExtensibilityGlobals) = postSolution
		SolutionGuid = {C96A3DF0-FA88-43BD-9518-36B4CEF484D5}
	EndGlobalSection
EndGlobal
